
Microsoft Visual Studio Solution File, Format Version 12.00
# Visual Studio 2012
Project("{FAE04EC0-301F-11D3-BF4B-00C04F79EFBC}") = "DrCmd", "DrCmd\DrCmd\DrCmd.csproj", "{41B2C4CD-1E67-43A8-B070-050AE063C64C}"
EndProject
Project("{FAE04EC0-301F-11D3-BF4B-00C04F79EFBC}") = "DrData", "DrData\DrData\DrData.csproj", "{C984C775-1807-4157-BA4B-5D5FCCCE577B}"
EndProject
Project("{FAE04EC0-301F-11D3-BF4B-00C04F79EFBC}") = "DrCmdSample", "DrCmd\DrCmdSample\DrCmdSample.csproj", "{7201F0BD-CE0C-4480-B561-74CB7DF704DB}"
EndProject
Project("{2150E333-8FDC-42A3-9474-1A3956D46DE8}") = "UTests", "UTests", "{473DD4B9-FCD6-4580-8A56-58C634225F53}"
EndProject
Project("{FAE04EC0-301F-11D3-BF4B-00C04F79EFBC}") = "UTestDrCmd", "DrCmd\UTests\UTestDrCmd\UTestDrCmd.csproj", "{6A725783-4C9B-477C-90F3-4EE98A1194CE}"
EndProject
Project("{FAE04EC0-301F-11D3-BF4B-00C04F79EFBC}") = "DrExt", "DrExt\DrExt\DrExt.csproj", "{328E84F0-642D-4281-AAC7-7FFD2EC804A4}"
EndProject
Project("{FAE04EC0-301F-11D3-BF4B-00C04F79EFBC}") = "DrDataSample", "DrData\DrDataSample\DrDataSample.csproj", "{1A42C203-4081-4B78-8630-AEBDECB55594}"
EndProject
Project("{FAE04EC0-301F-11D3-BF4B-00C04F79EFBC}") = "UTestDrData", "DrData\UTests\UTestDrData\UTestDrData.csproj", "{4A952ABA-689F-403F-AEF4-11196C1377CE}"
EndProject
Project("{FAE04EC0-301F-11D3-BF4B-00C04F79EFBC}") = "DrLinkedDictionary", "DrLinkedDictionary\DrLinkedDictionary\DrLinkedDictionary.csproj", "{EAF5F2EB-407E-4CFB-A153-284C18EE2B9F}"
EndProject
Project("{FAE04EC0-301F-11D3-BF4B-00C04F79EFBC}") = "UTestDrLinkedDictionary", "DrLinkedDictionary\UTests\UTestDrLinkedDictionary\UTestDrLinkedDictionary.csproj", "{8F0FD868-DE84-421D-83ED-B7EB4243560D}"
EndProject
Project("{FAE04EC0-301F-11D3-BF4B-00C04F79EFBC}") = "DrLogClient", "DrLog\DrLogClient\DrLogClient.csproj", "{85A2BA01-CB54-4FC0-BC6C-92700FD9979C}"
EndProject
Project("{FAE04EC0-301F-11D3-BF4B-00C04F79EFBC}") = "DrLogSrv", "DrLog\DrLogSrv\DrLogSrv.csproj", "{EDC9C078-4E68-41F0-AFDB-EF5750F7C452}"
EndProject
Project("{FAE04EC0-301F-11D3-BF4B-00C04F79EFBC}") = "UTestDrLogSrv", "DrLog\UTests\UTestDrLogSrv\UTestDrLogSrv.csproj", "{4BB33ADA-8C48-449B-968C-ED7BDCC56A78}"
EndProject
Project("{FAE04EC0-301F-11D3-BF4B-00C04F79EFBC}") = "UTestsDrLogClient", "DrLog\UTests\UTestsDrLogClient\UTestsDrLogClient.csproj", "{8A6C7478-A090-40C0-A6EE-22F6D3248E3D}"
EndProject
Project("{FAE04EC0-301F-11D3-BF4B-00C04F79EFBC}") = "DrMsgQueue", "DrMsgQueue\DrMsgQueue\DrMsgQueue.csproj", "{7BF3889E-EC69-4D31-B090-A04B469F05E0}"
EndProject
Project("{FAE04EC0-301F-11D3-BF4B-00C04F79EFBC}") = "UTestsDrMsgQueue", "DrMsgQueue\UTestsDrMsgQueue\UTestsDrMsgQueue.csproj", "{877C00F6-8F99-453C-8131-B79ABF8AA118}"
EndProject
Project("{FAE04EC0-301F-11D3-BF4B-00C04F79EFBC}") = "DrCmdSample2", "DrCmd\DrCmdSample2\DrCmdSample2.csproj", "{AC3CAFD0-6E34-4E04-8C1D-1B3A391AB34D}"
EndProject
Project("{FAE04EC0-301F-11D3-BF4B-00C04F79EFBC}") = "IDrData", "IDrData\IDrData.csproj", "{19CE9AAD-2814-49F7-ACDE-48349677A4D3}"
EndProject
Project("{FAE04EC0-301F-11D3-BF4B-00C04F79EFBC}") = "DrDataSe", "DrDataSe\DrDataSe\DrDataSe.csproj", "{E79F7A6F-43BC-4F14-A7DC-2D57DCEA1B00}"
EndProject
Project("{FAE04EC0-301F-11D3-BF4B-00C04F79EFBC}") = "UTestDrDataSe", "DrDataSe\UTest\UTestDrDataSe\UTestDrDataSe.csproj", "{F8299089-E224-49B2-8C68-BFF37BC7C43A}"
EndProject
Global
	GlobalSection(SolutionConfigurationPlatforms) = preSolution
		Debug|Any CPU = Debug|Any CPU
		Release|Any CPU = Release|Any CPU
	EndGlobalSection
	GlobalSection(ProjectConfigurationPlatforms) = postSolution
		{41B2C4CD-1E67-43A8-B070-050AE063C64C}.Debug|Any CPU.ActiveCfg = Debug|Any CPU
		{41B2C4CD-1E67-43A8-B070-050AE063C64C}.Debug|Any CPU.Build.0 = Debug|Any CPU
		{41B2C4CD-1E67-43A8-B070-050AE063C64C}.Release|Any CPU.ActiveCfg = Release|Any CPU
		{41B2C4CD-1E67-43A8-B070-050AE063C64C}.Release|Any CPU.Build.0 = Release|Any CPU
		{C984C775-1807-4157-BA4B-5D5FCCCE577B}.Debug|Any CPU.ActiveCfg = Debug|Any CPU
		{C984C775-1807-4157-BA4B-5D5FCCCE577B}.Debug|Any CPU.Build.0 = Debug|Any CPU
		{C984C775-1807-4157-BA4B-5D5FCCCE577B}.Release|Any CPU.ActiveCfg = Release|Any CPU
		{C984C775-1807-4157-BA4B-5D5FCCCE577B}.Release|Any CPU.Build.0 = Release|Any CPU
		{7201F0BD-CE0C-4480-B561-74CB7DF704DB}.Debug|Any CPU.ActiveCfg = Debug|Any CPU
		{7201F0BD-CE0C-4480-B561-74CB7DF704DB}.Debug|Any CPU.Build.0 = Debug|Any CPU
		{7201F0BD-CE0C-4480-B561-74CB7DF704DB}.Release|Any CPU.ActiveCfg = Release|Any CPU
		{7201F0BD-CE0C-4480-B561-74CB7DF704DB}.Release|Any CPU.Build.0 = Release|Any CPU
		{6A725783-4C9B-477C-90F3-4EE98A1194CE}.Debug|Any CPU.ActiveCfg = Debug|Any CPU
		{6A725783-4C9B-477C-90F3-4EE98A1194CE}.Debug|Any CPU.Build.0 = Debug|Any CPU
		{6A725783-4C9B-477C-90F3-4EE98A1194CE}.Release|Any CPU.ActiveCfg = Release|Any CPU
		{6A725783-4C9B-477C-90F3-4EE98A1194CE}.Release|Any CPU.Build.0 = Release|Any CPU
		{328E84F0-642D-4281-AAC7-7FFD2EC804A4}.Debug|Any CPU.ActiveCfg = Debug|Any CPU
		{328E84F0-642D-4281-AAC7-7FFD2EC804A4}.Debug|Any CPU.Build.0 = Debug|Any CPU
		{328E84F0-642D-4281-AAC7-7FFD2EC804A4}.Release|Any CPU.ActiveCfg = Release|Any CPU
		{328E84F0-642D-4281-AAC7-7FFD2EC804A4}.Release|Any CPU.Build.0 = Release|Any CPU
		{1A42C203-4081-4B78-8630-AEBDECB55594}.Debug|Any CPU.ActiveCfg = Debug|Any CPU
		{1A42C203-4081-4B78-8630-AEBDECB55594}.Debug|Any CPU.Build.0 = Debug|Any CPU
		{1A42C203-4081-4B78-8630-AEBDECB55594}.Release|Any CPU.ActiveCfg = Release|Any CPU
		{1A42C203-4081-4B78-8630-AEBDECB55594}.Release|Any CPU.Build.0 = Release|Any CPU
		{4A952ABA-689F-403F-AEF4-11196C1377CE}.Debug|Any CPU.ActiveCfg = Debug|Any CPU
		{4A952ABA-689F-403F-AEF4-11196C1377CE}.Debug|Any CPU.Build.0 = Debug|Any CPU
		{4A952ABA-689F-403F-AEF4-11196C1377CE}.Release|Any CPU.ActiveCfg = Release|Any CPU
		{4A952ABA-689F-403F-AEF4-11196C1377CE}.Release|Any CPU.Build.0 = Release|Any CPU
		{EAF5F2EB-407E-4CFB-A153-284C18EE2B9F}.Debug|Any CPU.ActiveCfg = Debug|Any CPU
		{EAF5F2EB-407E-4CFB-A153-284C18EE2B9F}.Debug|Any CPU.Build.0 = Debug|Any CPU
		{EAF5F2EB-407E-4CFB-A153-284C18EE2B9F}.Release|Any CPU.ActiveCfg = Release|Any CPU
		{EAF5F2EB-407E-4CFB-A153-284C18EE2B9F}.Release|Any CPU.Build.0 = Release|Any CPU
		{8F0FD868-DE84-421D-83ED-B7EB4243560D}.Debug|Any CPU.ActiveCfg = Debug|Any CPU
		{8F0FD868-DE84-421D-83ED-B7EB4243560D}.Debug|Any CPU.Build.0 = Debug|Any CPU
		{8F0FD868-DE84-421D-83ED-B7EB4243560D}.Release|Any CPU.ActiveCfg = Release|Any CPU
		{8F0FD868-DE84-421D-83ED-B7EB4243560D}.Release|Any CPU.Build.0 = Release|Any CPU
		{85A2BA01-CB54-4FC0-BC6C-92700FD9979C}.Debug|Any CPU.ActiveCfg = Debug|Any CPU
		{85A2BA01-CB54-4FC0-BC6C-92700FD9979C}.Debug|Any CPU.Build.0 = Debug|Any CPU
		{85A2BA01-CB54-4FC0-BC6C-92700FD9979C}.Release|Any CPU.ActiveCfg = Release|Any CPU
		{85A2BA01-CB54-4FC0-BC6C-92700FD9979C}.Release|Any CPU.Build.0 = Release|Any CPU
		{EDC9C078-4E68-41F0-AFDB-EF5750F7C452}.Debug|Any CPU.ActiveCfg = Debug|Any CPU
		{EDC9C078-4E68-41F0-AFDB-EF5750F7C452}.Debug|Any CPU.Build.0 = Debug|Any CPU
		{EDC9C078-4E68-41F0-AFDB-EF5750F7C452}.Release|Any CPU.ActiveCfg = Release|Any CPU
		{EDC9C078-4E68-41F0-AFDB-EF5750F7C452}.Release|Any CPU.Build.0 = Release|Any CPU
		{4BB33ADA-8C48-449B-968C-ED7BDCC56A78}.Debug|Any CPU.ActiveCfg = Debug|Any CPU
		{4BB33ADA-8C48-449B-968C-ED7BDCC56A78}.Debug|Any CPU.Build.0 = Debug|Any CPU
		{4BB33ADA-8C48-449B-968C-ED7BDCC56A78}.Release|Any CPU.ActiveCfg = Release|Any CPU
		{4BB33ADA-8C48-449B-968C-ED7BDCC56A78}.Release|Any CPU.Build.0 = Release|Any CPU
		{8A6C7478-A090-40C0-A6EE-22F6D3248E3D}.Debug|Any CPU.ActiveCfg = Debug|Any CPU
		{8A6C7478-A090-40C0-A6EE-22F6D3248E3D}.Debug|Any CPU.Build.0 = Debug|Any CPU
		{8A6C7478-A090-40C0-A6EE-22F6D3248E3D}.Release|Any CPU.ActiveCfg = Release|Any CPU
		{8A6C7478-A090-40C0-A6EE-22F6D3248E3D}.Release|Any CPU.Build.0 = Release|Any CPU
		{7BF3889E-EC69-4D31-B090-A04B469F05E0}.Debug|Any CPU.ActiveCfg = Debug|Any CPU
		{7BF3889E-EC69-4D31-B090-A04B469F05E0}.Debug|Any CPU.Build.0 = Debug|Any CPU
		{7BF3889E-EC69-4D31-B090-A04B469F05E0}.Release|Any CPU.ActiveCfg = Release|Any CPU
		{7BF3889E-EC69-4D31-B090-A04B469F05E0}.Release|Any CPU.Build.0 = Release|Any CPU
		{877C00F6-8F99-453C-8131-B79ABF8AA118}.Debug|Any CPU.ActiveCfg = Debug|Any CPU
		{877C00F6-8F99-453C-8131-B79ABF8AA118}.Debug|Any CPU.Build.0 = Debug|Any CPU
		{877C00F6-8F99-453C-8131-B79ABF8AA118}.Release|Any CPU.ActiveCfg = Release|Any CPU
		{877C00F6-8F99-453C-8131-B79ABF8AA118}.Release|Any CPU.Build.0 = Release|Any CPU
		{AC3CAFD0-6E34-4E04-8C1D-1B3A391AB34D}.Debug|Any CPU.ActiveCfg = Debug|Any CPU
		{AC3CAFD0-6E34-4E04-8C1D-1B3A391AB34D}.Debug|Any CPU.Build.0 = Debug|Any CPU
		{AC3CAFD0-6E34-4E04-8C1D-1B3A391AB34D}.Release|Any CPU.ActiveCfg = Release|Any CPU
		{AC3CAFD0-6E34-4E04-8C1D-1B3A391AB34D}.Release|Any CPU.Build.0 = Release|Any CPU
		{19CE9AAD-2814-49F7-ACDE-48349677A4D3}.Debug|Any CPU.ActiveCfg = Debug|Any CPU
		{19CE9AAD-2814-49F7-ACDE-48349677A4D3}.Debug|Any CPU.Build.0 = Debug|Any CPU
		{19CE9AAD-2814-49F7-ACDE-48349677A4D3}.Release|Any CPU.ActiveCfg = Release|Any CPU
		{19CE9AAD-2814-49F7-ACDE-48349677A4D3}.Release|Any CPU.Build.0 = Release|Any CPU
		{E79F7A6F-43BC-4F14-A7DC-2D57DCEA1B00}.Debug|Any CPU.ActiveCfg = Debug|Any CPU
		{E79F7A6F-43BC-4F14-A7DC-2D57DCEA1B00}.Debug|Any CPU.Build.0 = Debug|Any CPU
		{E79F7A6F-43BC-4F14-A7DC-2D57DCEA1B00}.Release|Any CPU.ActiveCfg = Release|Any CPU
		{E79F7A6F-43BC-4F14-A7DC-2D57DCEA1B00}.Release|Any CPU.Build.0 = Release|Any CPU
		{F8299089-E224-49B2-8C68-BFF37BC7C43A}.Debug|Any CPU.ActiveCfg = Debug|Any CPU
		{F8299089-E224-49B2-8C68-BFF37BC7C43A}.Debug|Any CPU.Build.0 = Debug|Any CPU
		{F8299089-E224-49B2-8C68-BFF37BC7C43A}.Release|Any CPU.ActiveCfg = Release|Any CPU
		{F8299089-E224-49B2-8C68-BFF37BC7C43A}.Release|Any CPU.Build.0 = Release|Any CPU
	EndGlobalSection
	GlobalSection(SolutionProperties) = preSolution
		HideSolutionNode = FALSE
	EndGlobalSection
	GlobalSection(NestedProjects) = preSolution
		{6A725783-4C9B-477C-90F3-4EE98A1194CE} = {473DD4B9-FCD6-4580-8A56-58C634225F53}
		{4A952ABA-689F-403F-AEF4-11196C1377CE} = {473DD4B9-FCD6-4580-8A56-58C634225F53}
		{8F0FD868-DE84-421D-83ED-B7EB4243560D} = {473DD4B9-FCD6-4580-8A56-58C634225F53}
		{4BB33ADA-8C48-449B-968C-ED7BDCC56A78} = {473DD4B9-FCD6-4580-8A56-58C634225F53}
		{8A6C7478-A090-40C0-A6EE-22F6D3248E3D} = {473DD4B9-FCD6-4580-8A56-58C634225F53}
		{877C00F6-8F99-453C-8131-B79ABF8AA118} = {473DD4B9-FCD6-4580-8A56-58C634225F53}
		{F8299089-E224-49B2-8C68-BFF37BC7C43A} = {473DD4B9-FCD6-4580-8A56-58C634225F53}
	EndGlobalSection
EndGlobal
