
Microsoft Visual Studio Solution File, Format Version 12.00
# Visual Studio 2012
Project("{FAE04EC0-301F-11D3-BF4B-00C04F79EFBC}") = "DrVar", "DrVar\DrVar.csproj", "{477F9969-F48F-4339-93BA-AB223AE08866}"
EndProject
Project("{FAE04EC0-301F-11D3-BF4B-00C04F79EFBC}") = "DrData", "..\DrData\DrData\DrData.csproj", "{C984C775-1807-4157-BA4B-5D5FCCCE577B}"
EndProject
Project("{FAE04EC0-301F-11D3-BF4B-00C04F79EFBC}") = "DrDataEx", "..\DrData\DrDataEx\DrDataEx.csproj", "{CB8174C6-6CA6-4CEF-B84C-27C5E726466D}"
EndProject
Project("{2150E333-8FDC-42A3-9474-1A3956D46DE8}") = "UTests", "UTests", "{06F74874-E587-4292-BE94-50DC1B45D8E4}"
EndProject
Project("{FAE04EC0-301F-11D3-BF4B-00C04F79EFBC}") = "UTestDrVar", "UTests\UTestDrVar\UTestDrVar.csproj", "{FB46E75F-6FD0-4C42-8AA4-3B0DE3C12B44}"
EndProject
Global
	GlobalSection(SolutionConfigurationPlatforms) = preSolution
		Debug|Any CPU = Debug|Any CPU
		Release|Any CPU = Release|Any CPU
	EndGlobalSection
	GlobalSection(ProjectConfigurationPlatforms) = postSolution
		{477F9969-F48F-4339-93BA-AB223AE08866}.Debug|Any CPU.ActiveCfg = Debug|Any CPU
		{477F9969-F48F-4339-93BA-AB223AE08866}.Debug|Any CPU.Build.0 = Debug|Any CPU
		{477F9969-F48F-4339-93BA-AB223AE08866}.Release|Any CPU.ActiveCfg = Release|Any CPU
		{477F9969-F48F-4339-93BA-AB223AE08866}.Release|Any CPU.Build.0 = Release|Any CPU
		{C984C775-1807-4157-BA4B-5D5FCCCE577B}.Debug|Any CPU.ActiveCfg = Debug|Any CPU
		{C984C775-1807-4157-BA4B-5D5FCCCE577B}.Debug|Any CPU.Build.0 = Debug|Any CPU
		{C984C775-1807-4157-BA4B-5D5FCCCE577B}.Release|Any CPU.ActiveCfg = Release|Any CPU
		{C984C775-1807-4157-BA4B-5D5FCCCE577B}.Release|Any CPU.Build.0 = Release|Any CPU
		{CB8174C6-6CA6-4CEF-B84C-27C5E726466D}.Debug|Any CPU.ActiveCfg = Debug|Any CPU
		{CB8174C6-6CA6-4CEF-B84C-27C5E726466D}.Debug|Any CPU.Build.0 = Debug|Any CPU
		{CB8174C6-6CA6-4CEF-B84C-27C5E726466D}.Release|Any CPU.ActiveCfg = Release|Any CPU
		{CB8174C6-6CA6-4CEF-B84C-27C5E726466D}.Release|Any CPU.Build.0 = Release|Any CPU
		{FB46E75F-6FD0-4C42-8AA4-3B0DE3C12B44}.Debug|Any CPU.ActiveCfg = Debug|Any CPU
		{FB46E75F-6FD0-4C42-8AA4-3B0DE3C12B44}.Debug|Any CPU.Build.0 = Debug|Any CPU
		{FB46E75F-6FD0-4C42-8AA4-3B0DE3C12B44}.Release|Any CPU.ActiveCfg = Release|Any CPU
		{FB46E75F-6FD0-4C42-8AA4-3B0DE3C12B44}.Release|Any CPU.Build.0 = Release|Any CPU
	EndGlobalSection
	GlobalSection(SolutionProperties) = preSolution
		HideSolutionNode = FALSE
	EndGlobalSection
	GlobalSection(NestedProjects) = preSolution
		{FB46E75F-6FD0-4C42-8AA4-3B0DE3C12B44} = {06F74874-E587-4292-BE94-50DC1B45D8E4}
	EndGlobalSection
EndGlobal
