
Microsoft Visual Studio Solution File, Format Version 12.00
# Visual Studio 2012
Project("{FAE04EC0-301F-11D3-BF4B-00C04F79EFBC}") = "DrSrv", "DrSrv\DrSrv.csproj", "{0621FCF7-91E5-4BD6-8EC3-A2166832147D}"
EndProject
Project("{FAE04EC0-301F-11D3-BF4B-00C04F79EFBC}") = "DrSrvSample", "DrSrvSample\DrSrvSample.csproj", "{8DE297ED-D410-4912-A922-E906178F7825}"
EndProject
Global
	GlobalSection(SolutionConfigurationPlatforms) = preSolution
		Debug|Any CPU = Debug|Any CPU
		Release|Any CPU = Release|Any CPU
	EndGlobalSection
	GlobalSection(ProjectConfigurationPlatforms) = postSolution
		{0621FCF7-91E5-4BD6-8EC3-A2166832147D}.Debug|Any CPU.ActiveCfg = Debug|Any CPU
		{0621FCF7-91E5-4BD6-8EC3-A2166832147D}.Debug|Any CPU.Build.0 = Debug|Any CPU
		{0621FCF7-91E5-4BD6-8EC3-A2166832147D}.Release|Any CPU.ActiveCfg = Release|Any CPU
		{0621FCF7-91E5-4BD6-8EC3-A2166832147D}.Release|Any CPU.Build.0 = Release|Any CPU
		{8DE297ED-D410-4912-A922-E906178F7825}.Debug|Any CPU.ActiveCfg = Debug|Any CPU
		{8DE297ED-D410-4912-A922-E906178F7825}.Debug|Any CPU.Build.0 = Debug|Any CPU
		{8DE297ED-D410-4912-A922-E906178F7825}.Release|Any CPU.ActiveCfg = Release|Any CPU
		{8DE297ED-D410-4912-A922-E906178F7825}.Release|Any CPU.Build.0 = Release|Any CPU
	EndGlobalSection
	GlobalSection(SolutionProperties) = preSolution
		HideSolutionNode = FALSE
	EndGlobalSection
EndGlobal
