
Microsoft Visual Studio Solution File, Format Version 12.00
# Visual Studio 2012
Project("{FAE04EC0-301F-11D3-BF4B-00C04F79EFBC}") = "DrDataSe", "DrDataSe\DrDataSe.csproj", "{E79F7A6F-43BC-4F14-A7DC-2D57DCEA1B00}"
EndProject
Project("{FAE04EC0-301F-11D3-BF4B-00C04F79EFBC}") = "DrData", "..\DrData\DrData\DrData.csproj", "{C984C775-1807-4157-BA4B-5D5FCCCE577B}"
EndProject
Project("{2150E333-8FDC-42A3-9474-1A3956D46DE8}") = "UTests", "UTests", "{7DB3E474-3536-4FA7-8A7B-6181D5562560}"
EndProject
Project("{FAE04EC0-301F-11D3-BF4B-00C04F79EFBC}") = "UTestDrDataSe", "UTest\UTestDrDataSe\UTestDrDataSe.csproj", "{F8299089-E224-49B2-8C68-BFF37BC7C43A}"
EndProject
Global
	GlobalSection(SolutionConfigurationPlatforms) = preSolution
		Debug|Any CPU = Debug|Any CPU
		Release|Any CPU = Release|Any CPU
	EndGlobalSection
	GlobalSection(ProjectConfigurationPlatforms) = postSolution
		{E79F7A6F-43BC-4F14-A7DC-2D57DCEA1B00}.Debug|Any CPU.ActiveCfg = Debug|Any CPU
		{E79F7A6F-43BC-4F14-A7DC-2D57DCEA1B00}.Debug|Any CPU.Build.0 = Debug|Any CPU
		{E79F7A6F-43BC-4F14-A7DC-2D57DCEA1B00}.Release|Any CPU.ActiveCfg = Release|Any CPU
		{E79F7A6F-43BC-4F14-A7DC-2D57DCEA1B00}.Release|Any CPU.Build.0 = Release|Any CPU
		{C984C775-1807-4157-BA4B-5D5FCCCE577B}.Debug|Any CPU.ActiveCfg = Debug|Any CPU
		{C984C775-1807-4157-BA4B-5D5FCCCE577B}.Debug|Any CPU.Build.0 = Debug|Any CPU
		{C984C775-1807-4157-BA4B-5D5FCCCE577B}.Release|Any CPU.ActiveCfg = Release|Any CPU
		{C984C775-1807-4157-BA4B-5D5FCCCE577B}.Release|Any CPU.Build.0 = Release|Any CPU
		{F8299089-E224-49B2-8C68-BFF37BC7C43A}.Debug|Any CPU.ActiveCfg = Debug|Any CPU
		{F8299089-E224-49B2-8C68-BFF37BC7C43A}.Debug|Any CPU.Build.0 = Debug|Any CPU
		{F8299089-E224-49B2-8C68-BFF37BC7C43A}.Release|Any CPU.ActiveCfg = Release|Any CPU
		{F8299089-E224-49B2-8C68-BFF37BC7C43A}.Release|Any CPU.Build.0 = Release|Any CPU
	EndGlobalSection
	GlobalSection(SolutionProperties) = preSolution
		HideSolutionNode = FALSE
	EndGlobalSection
	GlobalSection(NestedProjects) = preSolution
		{F8299089-E224-49B2-8C68-BFF37BC7C43A} = {7DB3E474-3536-4FA7-8A7B-6181D5562560}
	EndGlobalSection
EndGlobal
