
Microsoft Visual Studio Solution File, Format Version 12.00
# Visual Studio 2012
Project("{FAE04EC0-301F-11D3-BF4B-00C04F79EFBC}") = "DrLogClient", "DrLogClient\DrLogClient.csproj", "{85A2BA01-CB54-4FC0-BC6C-92700FD9979C}"
EndProject
Project("{FAE04EC0-301F-11D3-BF4B-00C04F79EFBC}") = "DrData", "..\DrData\DrData\DrData.csproj", "{C984C775-1807-4157-BA4B-5D5FCCCE577B}"
EndProject
Project("{FAE04EC0-301F-11D3-BF4B-00C04F79EFBC}") = "DrLogSrv", "DrLogSrv\DrLogSrv.csproj", "{EDC9C078-4E68-41F0-AFDB-EF5750F7C452}"
EndProject
Project("{2150E333-8FDC-42A3-9474-1A3956D46DE8}") = "UTests", "UTests", "{BC49C824-0E0B-452C-829F-4BF8ECAD2D4B}"
EndProject
Project("{FAE04EC0-301F-11D3-BF4B-00C04F79EFBC}") = "UTestsDrLogClient", "UTests\UTestsDrLogClient\UTestsDrLogClient.csproj", "{8A6C7478-A090-40C0-A6EE-22F6D3248E3D}"
EndProject
Global
	GlobalSection(SolutionConfigurationPlatforms) = preSolution
		Debug|Any CPU = Debug|Any CPU
		Release|Any CPU = Release|Any CPU
	EndGlobalSection
	GlobalSection(ProjectConfigurationPlatforms) = postSolution
		{85A2BA01-CB54-4FC0-BC6C-92700FD9979C}.Debug|Any CPU.ActiveCfg = Debug|Any CPU
		{85A2BA01-CB54-4FC0-BC6C-92700FD9979C}.Debug|Any CPU.Build.0 = Debug|Any CPU
		{85A2BA01-CB54-4FC0-BC6C-92700FD9979C}.Release|Any CPU.ActiveCfg = Release|Any CPU
		{85A2BA01-CB54-4FC0-BC6C-92700FD9979C}.Release|Any CPU.Build.0 = Release|Any CPU
		{C984C775-1807-4157-BA4B-5D5FCCCE577B}.Debug|Any CPU.ActiveCfg = Debug|Any CPU
		{C984C775-1807-4157-BA4B-5D5FCCCE577B}.Debug|Any CPU.Build.0 = Debug|Any CPU
		{C984C775-1807-4157-BA4B-5D5FCCCE577B}.Release|Any CPU.ActiveCfg = Release|Any CPU
		{C984C775-1807-4157-BA4B-5D5FCCCE577B}.Release|Any CPU.Build.0 = Release|Any CPU
		{EDC9C078-4E68-41F0-AFDB-EF5750F7C452}.Debug|Any CPU.ActiveCfg = Debug|Any CPU
		{EDC9C078-4E68-41F0-AFDB-EF5750F7C452}.Debug|Any CPU.Build.0 = Debug|Any CPU
		{EDC9C078-4E68-41F0-AFDB-EF5750F7C452}.Release|Any CPU.ActiveCfg = Release|Any CPU
		{EDC9C078-4E68-41F0-AFDB-EF5750F7C452}.Release|Any CPU.Build.0 = Release|Any CPU
		{8A6C7478-A090-40C0-A6EE-22F6D3248E3D}.Debug|Any CPU.ActiveCfg = Debug|Any CPU
		{8A6C7478-A090-40C0-A6EE-22F6D3248E3D}.Debug|Any CPU.Build.0 = Debug|Any CPU
		{8A6C7478-A090-40C0-A6EE-22F6D3248E3D}.Release|Any CPU.ActiveCfg = Release|Any CPU
		{8A6C7478-A090-40C0-A6EE-22F6D3248E3D}.Release|Any CPU.Build.0 = Release|Any CPU
	EndGlobalSection
	GlobalSection(SolutionProperties) = preSolution
		HideSolutionNode = FALSE
	EndGlobalSection
	GlobalSection(NestedProjects) = preSolution
		{8A6C7478-A090-40C0-A6EE-22F6D3248E3D} = {BC49C824-0E0B-452C-829F-4BF8ECAD2D4B}
	EndGlobalSection
EndGlobal
