
Microsoft Visual Studio Solution File, Format Version 12.00
# Visual Studio 2012
Project("{FAE04EC0-301F-11D3-BF4B-00C04F79EFBC}") = "DrData", "DrData\DrData.csproj", "{C984C775-1807-4157-BA4B-5D5FCCCE577B}"
EndProject
Project("{FAE04EC0-301F-11D3-BF4B-00C04F79EFBC}") = "DrDataSample", "DrDataSample\DrDataSample.csproj", "{1A42C203-4081-4B78-8630-AEBDECB55594}"
EndProject
Project("{2150E333-8FDC-42A3-9474-1A3956D46DE8}") = "UTests", "UTests", "{A7D15DA2-EB75-4964-9BCA-951B5777E06D}"
EndProject
Project("{FAE04EC0-301F-11D3-BF4B-00C04F79EFBC}") = "UTestDrData", "UTests\UTestDrData\UTestDrData.csproj", "{4A952ABA-689F-403F-AEF4-11196C1377CE}"
EndProject
Project("{FAE04EC0-301F-11D3-BF4B-00C04F79EFBC}") = "DrDataSx", "DrDataSx\DrDataSx.csproj", "{CEF8CDD2-404D-415F-AECF-4B92CEB3A23D}"
EndProject
Project("{FAE04EC0-301F-11D3-BF4B-00C04F79EFBC}") = "DrDataSj", "DrDataSj\DrDataSj.csproj", "{3073040D-5BF2-4F7F-A56D-468A633DC320}"
EndProject
Project("{FAE04EC0-301F-11D3-BF4B-00C04F79EFBC}") = "UTestDrDataSj", "UTests\UTestDrDataSj\UTestDrDataSj.csproj", "{62032100-1BE4-4302-96C9-5ED3E7C6E9D2}"
EndProject
Project("{FAE04EC0-301F-11D3-BF4B-00C04F79EFBC}") = "UTestDrDataSx", "UTests\UTestDrDataSx\UTestDrDataSx.csproj", "{B64ECEF7-89CA-42D0-85DE-15B65AA3010B}"
EndProject
Project("{FAE04EC0-301F-11D3-BF4B-00C04F79EFBC}") = "UTestDrDataEx", "UTests\UTestDrDataEx\UTestDrDataEx.csproj", "{F59D8C8F-D7E7-42F2-969B-21D883E1F5C7}"
EndProject
Project("{FAE04EC0-301F-11D3-BF4B-00C04F79EFBC}") = "DrDataEx", "DrDataEx\DrDataEx.csproj", "{CB8174C6-6CA6-4CEF-B84C-27C5E726466D}"
EndProject
Project("{FAE04EC0-301F-11D3-BF4B-00C04F79EFBC}") = "UTestDrDataSn", "UTests\UTestDrDataSn\UTestDrDataSn.csproj", "{9A7FCF15-37BB-4CF1-8BE3-4046E192F9F7}"
EndProject
Project("{FAE04EC0-301F-11D3-BF4B-00C04F79EFBC}") = "DrDataSn", "DrDataSn\DrDataSn.csproj", "{AE9A4DFC-429C-4D64-A458-CE1F23704A6F}"
EndProject
Global
	GlobalSection(SolutionConfigurationPlatforms) = preSolution
		Debug|Any CPU = Debug|Any CPU
		Release|Any CPU = Release|Any CPU
	EndGlobalSection
	GlobalSection(ProjectConfigurationPlatforms) = postSolution
		{C984C775-1807-4157-BA4B-5D5FCCCE577B}.Debug|Any CPU.ActiveCfg = Debug|Any CPU
		{C984C775-1807-4157-BA4B-5D5FCCCE577B}.Debug|Any CPU.Build.0 = Debug|Any CPU
		{C984C775-1807-4157-BA4B-5D5FCCCE577B}.Release|Any CPU.ActiveCfg = Release|Any CPU
		{C984C775-1807-4157-BA4B-5D5FCCCE577B}.Release|Any CPU.Build.0 = Release|Any CPU
		{1A42C203-4081-4B78-8630-AEBDECB55594}.Debug|Any CPU.ActiveCfg = Debug|Any CPU
		{1A42C203-4081-4B78-8630-AEBDECB55594}.Debug|Any CPU.Build.0 = Debug|Any CPU
		{1A42C203-4081-4B78-8630-AEBDECB55594}.Release|Any CPU.ActiveCfg = Release|Any CPU
		{1A42C203-4081-4B78-8630-AEBDECB55594}.Release|Any CPU.Build.0 = Release|Any CPU
		{4A952ABA-689F-403F-AEF4-11196C1377CE}.Debug|Any CPU.ActiveCfg = Debug|Any CPU
		{4A952ABA-689F-403F-AEF4-11196C1377CE}.Debug|Any CPU.Build.0 = Debug|Any CPU
		{4A952ABA-689F-403F-AEF4-11196C1377CE}.Release|Any CPU.ActiveCfg = Release|Any CPU
		{4A952ABA-689F-403F-AEF4-11196C1377CE}.Release|Any CPU.Build.0 = Release|Any CPU
		{CEF8CDD2-404D-415F-AECF-4B92CEB3A23D}.Debug|Any CPU.ActiveCfg = Debug|Any CPU
		{CEF8CDD2-404D-415F-AECF-4B92CEB3A23D}.Debug|Any CPU.Build.0 = Debug|Any CPU
		{CEF8CDD2-404D-415F-AECF-4B92CEB3A23D}.Release|Any CPU.ActiveCfg = Release|Any CPU
		{CEF8CDD2-404D-415F-AECF-4B92CEB3A23D}.Release|Any CPU.Build.0 = Release|Any CPU
		{3073040D-5BF2-4F7F-A56D-468A633DC320}.Debug|Any CPU.ActiveCfg = Debug|Any CPU
		{3073040D-5BF2-4F7F-A56D-468A633DC320}.Debug|Any CPU.Build.0 = Debug|Any CPU
		{3073040D-5BF2-4F7F-A56D-468A633DC320}.Release|Any CPU.ActiveCfg = Release|Any CPU
		{3073040D-5BF2-4F7F-A56D-468A633DC320}.Release|Any CPU.Build.0 = Release|Any CPU
		{62032100-1BE4-4302-96C9-5ED3E7C6E9D2}.Debug|Any CPU.ActiveCfg = Debug|Any CPU
		{62032100-1BE4-4302-96C9-5ED3E7C6E9D2}.Debug|Any CPU.Build.0 = Debug|Any CPU
		{62032100-1BE4-4302-96C9-5ED3E7C6E9D2}.Release|Any CPU.ActiveCfg = Release|Any CPU
		{62032100-1BE4-4302-96C9-5ED3E7C6E9D2}.Release|Any CPU.Build.0 = Release|Any CPU
		{B64ECEF7-89CA-42D0-85DE-15B65AA3010B}.Debug|Any CPU.ActiveCfg = Debug|Any CPU
		{B64ECEF7-89CA-42D0-85DE-15B65AA3010B}.Debug|Any CPU.Build.0 = Debug|Any CPU
		{B64ECEF7-89CA-42D0-85DE-15B65AA3010B}.Release|Any CPU.ActiveCfg = Release|Any CPU
		{B64ECEF7-89CA-42D0-85DE-15B65AA3010B}.Release|Any CPU.Build.0 = Release|Any CPU
		{F59D8C8F-D7E7-42F2-969B-21D883E1F5C7}.Debug|Any CPU.ActiveCfg = Debug|Any CPU
		{F59D8C8F-D7E7-42F2-969B-21D883E1F5C7}.Debug|Any CPU.Build.0 = Debug|Any CPU
		{F59D8C8F-D7E7-42F2-969B-21D883E1F5C7}.Release|Any CPU.ActiveCfg = Release|Any CPU
		{F59D8C8F-D7E7-42F2-969B-21D883E1F5C7}.Release|Any CPU.Build.0 = Release|Any CPU
		{CB8174C6-6CA6-4CEF-B84C-27C5E726466D}.Debug|Any CPU.ActiveCfg = Debug|Any CPU
		{CB8174C6-6CA6-4CEF-B84C-27C5E726466D}.Debug|Any CPU.Build.0 = Debug|Any CPU
		{CB8174C6-6CA6-4CEF-B84C-27C5E726466D}.Release|Any CPU.ActiveCfg = Release|Any CPU
		{CB8174C6-6CA6-4CEF-B84C-27C5E726466D}.Release|Any CPU.Build.0 = Release|Any CPU
		{9A7FCF15-37BB-4CF1-8BE3-4046E192F9F7}.Debug|Any CPU.ActiveCfg = Debug|Any CPU
		{9A7FCF15-37BB-4CF1-8BE3-4046E192F9F7}.Debug|Any CPU.Build.0 = Debug|Any CPU
		{9A7FCF15-37BB-4CF1-8BE3-4046E192F9F7}.Release|Any CPU.ActiveCfg = Release|Any CPU
		{9A7FCF15-37BB-4CF1-8BE3-4046E192F9F7}.Release|Any CPU.Build.0 = Release|Any CPU
		{AE9A4DFC-429C-4D64-A458-CE1F23704A6F}.Debug|Any CPU.ActiveCfg = Debug|Any CPU
		{AE9A4DFC-429C-4D64-A458-CE1F23704A6F}.Debug|Any CPU.Build.0 = Debug|Any CPU
		{AE9A4DFC-429C-4D64-A458-CE1F23704A6F}.Release|Any CPU.ActiveCfg = Release|Any CPU
		{AE9A4DFC-429C-4D64-A458-CE1F23704A6F}.Release|Any CPU.Build.0 = Release|Any CPU
	EndGlobalSection
	GlobalSection(SolutionProperties) = preSolution
		HideSolutionNode = FALSE
	EndGlobalSection
	GlobalSection(NestedProjects) = preSolution
		{4A952ABA-689F-403F-AEF4-11196C1377CE} = {A7D15DA2-EB75-4964-9BCA-951B5777E06D}
		{62032100-1BE4-4302-96C9-5ED3E7C6E9D2} = {A7D15DA2-EB75-4964-9BCA-951B5777E06D}
		{B64ECEF7-89CA-42D0-85DE-15B65AA3010B} = {A7D15DA2-EB75-4964-9BCA-951B5777E06D}
		{F59D8C8F-D7E7-42F2-969B-21D883E1F5C7} = {A7D15DA2-EB75-4964-9BCA-951B5777E06D}
		{9A7FCF15-37BB-4CF1-8BE3-4046E192F9F7} = {A7D15DA2-EB75-4964-9BCA-951B5777E06D}
	EndGlobalSection
EndGlobal
